
Microsoft Visual Studio Solution File, Format Version 12.00
# Visual Studio Version 16
VisualStudioVersion = 16.0.30413.136
MinimumVisualStudioVersion = 10.0.40219.1
Project("{9A19103F-16F7-4668-BE54-9A1E7A4F7556}") = "API", "API\API.csproj", "{2CBD3855-F3DB-4863-82C0-4942F8D062C3}"
EndProject
Project("{FAE04EC0-301F-11D3-BF4B-00C04F79EFBC}") = "Persistence", "Persistence\Persistence.csproj", "{3D893B77-F052-4EBE-8AC1-238753B4A689}"
EndProject
Project("{FAE04EC0-301F-11D3-BF4B-00C04F79EFBC}") = "Domain", "Domain\Domain.csproj", "{81F3683B-5D40-4B90-879C-3739910C3AFD}"
EndProject
Project("{FAE04EC0-301F-11D3-BF4B-00C04F79EFBC}") = "Application", "Application\Application.csproj", "{BC0CD930-AE52-4B04-9E30-081FFD572C2D}"
EndProject
Global
	GlobalSection(SolutionConfigurationPlatforms) = preSolution
		Debug|Any CPU = Debug|Any CPU
		Release|Any CPU = Release|Any CPU
	EndGlobalSection
	GlobalSection(ProjectConfigurationPlatforms) = postSolution
		{2CBD3855-F3DB-4863-82C0-4942F8D062C3}.Debug|Any CPU.ActiveCfg = Debug|Any CPU
		{2CBD3855-F3DB-4863-82C0-4942F8D062C3}.Debug|Any CPU.Build.0 = Debug|Any CPU
		{2CBD3855-F3DB-4863-82C0-4942F8D062C3}.Release|Any CPU.ActiveCfg = Release|Any CPU
		{2CBD3855-F3DB-4863-82C0-4942F8D062C3}.Release|Any CPU.Build.0 = Release|Any CPU
		{3D893B77-F052-4EBE-8AC1-238753B4A689}.Debug|Any CPU.ActiveCfg = Debug|Any CPU
		{3D893B77-F052-4EBE-8AC1-238753B4A689}.Debug|Any CPU.Build.0 = Debug|Any CPU
		{3D893B77-F052-4EBE-8AC1-238753B4A689}.Release|Any CPU.ActiveCfg = Release|Any CPU
		{3D893B77-F052-4EBE-8AC1-238753B4A689}.Release|Any CPU.Build.0 = Release|Any CPU
		{81F3683B-5D40-4B90-879C-3739910C3AFD}.Debug|Any CPU.ActiveCfg = Debug|Any CPU
		{81F3683B-5D40-4B90-879C-3739910C3AFD}.Debug|Any CPU.Build.0 = Debug|Any CPU
		{81F3683B-5D40-4B90-879C-3739910C3AFD}.Release|Any CPU.ActiveCfg = Release|Any CPU
		{81F3683B-5D40-4B90-879C-3739910C3AFD}.Release|Any CPU.Build.0 = Release|Any CPU
		{BC0CD930-AE52-4B04-9E30-081FFD572C2D}.Debug|Any CPU.ActiveCfg = Debug|Any CPU
		{BC0CD930-AE52-4B04-9E30-081FFD572C2D}.Debug|Any CPU.Build.0 = Debug|Any CPU
		{BC0CD930-AE52-4B04-9E30-081FFD572C2D}.Release|Any CPU.ActiveCfg = Release|Any CPU
		{BC0CD930-AE52-4B04-9E30-081FFD572C2D}.Release|Any CPU.Build.0 = Release|Any CPU
	EndGlobalSection
	GlobalSection(SolutionProperties) = preSolution
		HideSolutionNode = FALSE
	EndGlobalSection
	GlobalSection(ExtensibilityGlobals) = postSolution
		SolutionGuid = {E7C8F795-C9EB-440B-9D8C-15ADE47C7345}
	EndGlobalSection
EndGlobal
